
Microsoft Visual Studio Solution File, Format Version 12.00
# Visual Studio Version 17
VisualStudioVersion = 17.5.33414.496
MinimumVisualStudioVersion = 10.0.40219.1
Project("{FAE04EC0-301F-11D3-BF4B-00C04F79EFBC}") = "arraytask3", "arraytask3\arraytask3.csproj", "{CEF9EB2F-F6CF-48A6-B475-23DDC756E49E}"
EndProject
Global
	GlobalSection(SolutionConfigurationPlatforms) = preSolution
		Debug|Any CPU = Debug|Any CPU
		Release|Any CPU = Release|Any CPU
	EndGlobalSection
	GlobalSection(ProjectConfigurationPlatforms) = postSolution
		{CEF9EB2F-F6CF-48A6-B475-23DDC756E49E}.Debug|Any CPU.ActiveCfg = Debug|Any CPU
		{CEF9EB2F-F6CF-48A6-B475-23DDC756E49E}.Debug|Any CPU.Build.0 = Debug|Any CPU
		{CEF9EB2F-F6CF-48A6-B475-23DDC756E49E}.Release|Any CPU.ActiveCfg = Release|Any CPU
		{CEF9EB2F-F6CF-48A6-B475-23DDC756E49E}.Release|Any CPU.Build.0 = Release|Any CPU
	EndGlobalSection
	GlobalSection(SolutionProperties) = preSolution
		HideSolutionNode = FALSE
	EndGlobalSection
	GlobalSection(ExtensibilityGlobals) = postSolution
		SolutionGuid = {580D7B9B-455C-439A-BD45-3AC65EDB8D19}
	EndGlobalSection
EndGlobal
