
Microsoft Visual Studio Solution File, Format Version 12.00
# Visual Studio Version 17
VisualStudioVersion = 17.5.33414.496
MinimumVisualStudioVersion = 10.0.40219.1
Project("{FAE04EC0-301F-11D3-BF4B-00C04F79EFBC}") = "1marchtask", "1marchtask\1marchtask.csproj", "{15D0BB04-FA4E-4DB8-A63A-D9AB33DBD458}"
EndProject
Global
	GlobalSection(SolutionConfigurationPlatforms) = preSolution
		Debug|Any CPU = Debug|Any CPU
		Release|Any CPU = Release|Any CPU
	EndGlobalSection
	GlobalSection(ProjectConfigurationPlatforms) = postSolution
		{15D0BB04-FA4E-4DB8-A63A-D9AB33DBD458}.Debug|Any CPU.ActiveCfg = Debug|Any CPU
		{15D0BB04-FA4E-4DB8-A63A-D9AB33DBD458}.Debug|Any CPU.Build.0 = Debug|Any CPU
		{15D0BB04-FA4E-4DB8-A63A-D9AB33DBD458}.Release|Any CPU.ActiveCfg = Release|Any CPU
		{15D0BB04-FA4E-4DB8-A63A-D9AB33DBD458}.Release|Any CPU.Build.0 = Release|Any CPU
	EndGlobalSection
	GlobalSection(SolutionProperties) = preSolution
		HideSolutionNode = FALSE
	EndGlobalSection
	GlobalSection(ExtensibilityGlobals) = postSolution
		SolutionGuid = {2E0F5F82-E101-457F-8149-F1F2A4982FAF}
	EndGlobalSection
EndGlobal
